
Microsoft Visual Studio Solution File, Format Version 12.00
# Visual Studio Version 17
VisualStudioVersion = 17.5.002.0
MinimumVisualStudioVersion = 10.0.40219.1
Project("{9A19103F-16F7-4668-BE54-9A1E7A4F7556}") = "NetDaemonApps.Inverter.Anenji_4_7_WiFi", "NetDaemonApps.Inverter.Anenji_4_7_WiFi.csproj", "{44E910FB-D3CE-4D1B-BD65-A7BB6B556A3A}"
EndProject
Global
	GlobalSection(SolutionConfigurationPlatforms) = preSolution
		Debug|Any CPU = Debug|Any CPU
		Release|Any CPU = Release|Any CPU
	EndGlobalSection
	GlobalSection(ProjectConfigurationPlatforms) = postSolution
		{44E910FB-D3CE-4D1B-BD65-A7BB6B556A3A}.Debug|Any CPU.ActiveCfg = Debug|Any CPU
		{44E910FB-D3CE-4D1B-BD65-A7BB6B556A3A}.Debug|Any CPU.Build.0 = Debug|Any CPU
		{44E910FB-D3CE-4D1B-BD65-A7BB6B556A3A}.Release|Any CPU.ActiveCfg = Release|Any CPU
		{44E910FB-D3CE-4D1B-BD65-A7BB6B556A3A}.Release|Any CPU.Build.0 = Release|Any CPU
	EndGlobalSection
	GlobalSection(SolutionProperties) = preSolution
		HideSolutionNode = FALSE
	EndGlobalSection
	GlobalSection(ExtensibilityGlobals) = postSolution
		SolutionGuid = {3B0991A3-A487-493D-AC5D-408171E20F8F}
	EndGlobalSection
EndGlobal
